// !$*UTF8*$!
{
	archiveVersion = 1;
	classes = {
	};
	objectVersion = 46;
	objects = {

/* Begin PBXBuildFile section */
		4A40106818891580005C3303 /* Foundation.framework in Frameworks */ = {isa = PBXBuildFile; fileRef = 4A40106718891580005C3303 /* Foundation.framework */; };
		4A40106A18891580005C3303 /* CoreGraphics.framework in Frameworks */ = {isa = PBXBuildFile; fileRef = 4A40106918891580005C3303 /* CoreGraphics.framework */; };
		4A40106C18891580005C3303 /* UIKit.framework in Frameworks */ = {isa = PBXBuildFile; fileRef = 4A40106B18891580005C3303 /* UIKit.framework */; };
		4A40107218891580005C3303 /* InfoPlist.strings in Resources */ = {isa = PBXBuildFile; fileRef = 4A40107018891580005C3303 /* InfoPlist.strings */; };
		4A40107418891580005C3303 /* main.m in Sources */ = {isa = PBXBuildFile; fileRef = 4A40107318891580005C3303 /* main.m */; };
		4A40107818891580005C3303 /* DKAppDelegate.m in Sources */ = {isa = PBXBuildFile; fileRef = 4A40107718891580005C3303 /* DKAppDelegate.m */; };
		4A40107B18891580005C3303 /* Main.storyboard in Resources */ = {isa = PBXBuildFile; fileRef = 4A40107918891580005C3303 /* Main.storyboard */; };
		4A40107E18891580005C3303 /* DKViewController.m in Sources */ = {isa = PBXBuildFile; fileRef = 4A40107D18891580005C3303 /* DKViewController.m */; };
		4A40108018891580005C3303 /* Images.xcassets in Resources */ = {isa = PBXBuildFile; fileRef = 4A40107F18891580005C3303 /* Images.xcassets */; };
		4A40108718891580005C3303 /* XCTest.framework in Frameworks */ = {isa = PBXBuildFile; fileRef = 4A40108618891580005C3303 /* XCTest.framework */; };
		4A40108818891580005C3303 /* Foundation.framework in Frameworks */ = {isa = PBXBuildFile; fileRef = 4A40106718891580005C3303 /* Foundation.framework */; };
		4A40108918891580005C3303 /* UIKit.framework in Frameworks */ = {isa = PBXBuildFile; fileRef = 4A40106B18891580005C3303 /* UIKit.framework */; };
		4A40109118891580005C3303 /* InfoPlist.strings in Resources */ = {isa = PBXBuildFile; fileRef = 4A40108F18891580005C3303 /* InfoPlist.strings */; };
		4A40109318891580005C3303 /* DuskTests.m in Sources */ = {isa = PBXBuildFile; fileRef = 4A40109218891580005C3303 /* DuskTests.m */; };
/* End PBXBuildFile section */

/* Begin PBXContainerItemProxy section */
		4A40108A18891580005C3303 /* PBXContainerItemProxy */ = {
			isa = PBXContainerItemProxy;
			containerPortal = 4A40105C18891580005C3303 /* Project object */;
			proxyType = 1;
			remoteGlobalIDString = 4A40106318891580005C3303;
			remoteInfo = Dusk;
		};
/* End PBXContainerItemProxy section */

/* Begin PBXFileReference section */
		4A40106418891580005C3303 /* Dusk.app */ = {isa = PBXFileReference; explicitFileType = wrapper.application; includeInIndex = 0; path = Dusk.app; sourceTree = BUILT_PRODUCTS_DIR; };
		4A40106718891580005C3303 /* Foundation.framework */ = {isa = PBXFileReference; lastKnownFileType = wrapper.framework; name = Foundation.framework; path = System/Library/Frameworks/Foundation.framework; sourceTree = SDKROOT; };
		4A40106918891580005C3303 /* CoreGraphics.framework */ = {isa = PBXFileReference; lastKnownFileType = wrapper.framework; name = CoreGraphics.framework; path = System/Library/Frameworks/CoreGraphics.framework; sourceTree = SDKROOT; };
		4A40106B18891580005C3303 /* UIKit.framework */ = {isa = PBXFileReference; lastKnownFileType = wrapper.framework; name = UIKit.framework; path = System/Library/Frameworks/UIKit.framework; sourceTree = SDKROOT; };
		4A40106F18891580005C3303 /* Dusk-Info.plist */ = {isa = PBXFileReference; lastKnownFileType = text.plist.xml; path = "Dusk-Info.plist"; sourceTree = "<group>"; };
		4A40107118891580005C3303 /* en */ = {isa = PBXFileReference; lastKnownFileType = text.plist.strings; name = en; path = en.lproj/InfoPlist.strings; sourceTree = "<group>"; };
		4A40107318891580005C3303 /* main.m */ = {isa = PBXFileReference; lastKnownFileType = sourcecode.c.objc; path = main.m; sourceTree = "<group>"; };
		4A40107518891580005C3303 /* Dusk-Prefix.pch */ = {isa = PBXFileReference; lastKnownFileType = sourcecode.c.h; path = "Dusk-Prefix.pch"; sourceTree = "<group>"; };
		4A40107618891580005C3303 /* DKAppDelegate.h */ = {isa = PBXFileReference; lastKnownFileType = sourcecode.c.h; path = DKAppDelegate.h; sourceTree = "<group>"; };
		4A40107718891580005C3303 /* DKAppDelegate.m */ = {isa = PBXFileReference; lastKnownFileType = sourcecode.c.objc; path = DKAppDelegate.m; sourceTree = "<group>"; };
		4A40107A18891580005C3303 /* Base */ = {isa = PBXFileReference; lastKnownFileType = file.storyboard; name = Base; path = Base.lproj/Main.storyboard; sourceTree = "<group>"; };
		4A40107C18891580005C3303 /* DKViewController.h */ = {isa = PBXFileReference; lastKnownFileType = sourcecode.c.h; path = DKViewController.h; sourceTree = "<group>"; };
		4A40107D18891580005C3303 /* DKViewController.m */ = {isa = PBXFileReference; lastKnownFileType = sourcecode.c.objc; path = DKViewController.m; sourceTree = "<group>"; };
		4A40107F18891580005C3303 /* Images.xcassets */ = {isa = PBXFileReference; lastKnownFileType = folder.assetcatalog; path = Images.xcassets; sourceTree = "<group>"; };
		4A40108518891580005C3303 /* DuskTests.xctest */ = {isa = PBXFileReference; explicitFileType = wrapper.cfbundle; includeInIndex = 0; path = DuskTests.xctest; sourceTree = BUILT_PRODUCTS_DIR; };
		4A40108618891580005C3303 /* XCTest.framework */ = {isa = PBXFileReference; lastKnownFileType = wrapper.framework; name = XCTest.framework; path = Library/Frameworks/XCTest.framework; sourceTree = DEVELOPER_DIR; };
		4A40108E18891580005C3303 /* DuskTests-Info.plist */ = {isa = PBXFileReference; lastKnownFileType = text.plist.xml; path = "DuskTests-Info.plist"; sourceTree = "<group>"; };
		4A40109018891580005C3303 /* en */ = {isa = PBXFileReference; lastKnownFileType = text.plist.strings; name = en; path = en.lproj/InfoPlist.strings; sourceTree = "<group>"; };
		4A40109218891580005C3303 /* DuskTests.m */ = {isa = PBXFileReference; lastKnownFileType = sourcecode.c.objc; path = DuskTests.m; sourceTree = "<group>"; };
/* End PBXFileReference section */

/* Begin PBXFrameworksBuildPhase section */
		4A40106118891580005C3303 /* Frameworks */ = {
			isa = PBXFrameworksBuildPhase;
			buildActionMask = 2147483647;
			files = (
				4A40106A18891580005C3303 /* CoreGraphics.framework in Frameworks */,
				4A40106C18891580005C3303 /* UIKit.framework in Frameworks */,
				4A40106818891580005C3303 /* Foundation.framework in Frameworks */,
			);
			runOnlyForDeploymentPostprocessing = 0;
		};
		4A40108218891580005C3303 /* Frameworks */ = {
			isa = PBXFrameworksBuildPhase;
			buildActionMask = 2147483647;
			files = (
				4A40108718891580005C3303 /* XCTest.framework in Frameworks */,
				4A40108918891580005C3303 /* UIKit.framework in Frameworks */,
				4A40108818891580005C3303 /* Foundation.framework in Frameworks */,
			);
			runOnlyForDeploymentPostprocessing = 0;
		};
/* End PBXFrameworksBuildPhase section */

/* Begin PBXGroup section */
		4A40105B18891580005C3303 = {
			isa = PBXGroup;
			children = (
				4A40106D18891580005C3303 /* Dusk */,
				4A40108C18891580005C3303 /* DuskTests */,
				4A40106618891580005C3303 /* Frameworks */,
				4A40106518891580005C3303 /* Products */,
			);
			sourceTree = "<group>";
		};
		4A40106518891580005C3303 /* Products */ = {
			isa = PBXGroup;
			children = (
				4A40106418891580005C3303 /* Dusk.app */,
				4A40108518891580005C3303 /* DuskTests.xctest */,
			);
			name = Products;
			sourceTree = "<group>";
		};
		4A40106618891580005C3303 /* Frameworks */ = {
			isa = PBXGroup;
			children = (
				4A40106718891580005C3303 /* Foundation.framework */,
				4A40106918891580005C3303 /* CoreGraphics.framework */,
				4A40106B18891580005C3303 /* UIKit.framework */,
				4A40108618891580005C3303 /* XCTest.framework */,
			);
			name = Frameworks;
			sourceTree = "<group>";
		};
		4A40106D18891580005C3303 /* Dusk */ = {
			isa = PBXGroup;
			children = (
				4A40107618891580005C3303 /* DKAppDelegate.h */,
				4A40107718891580005C3303 /* DKAppDelegate.m */,
				4A40107918891580005C3303 /* Main.storyboard */,
				4A40107C18891580005C3303 /* DKViewController.h */,
				4A40107D18891580005C3303 /* DKViewController.m */,
				4A40107F18891580005C3303 /* Images.xcassets */,
				4A40106E18891580005C3303 /* Supporting Files */,
			);
			path = Dusk;
			sourceTree = "<group>";
		};
		4A40106E18891580005C3303 /* Supporting Files */ = {
			isa = PBXGroup;
			children = (
				4A40106F18891580005C3303 /* Dusk-Info.plist */,
				4A40107018891580005C3303 /* InfoPlist.strings */,
				4A40107318891580005C3303 /* main.m */,
				4A40107518891580005C3303 /* Dusk-Prefix.pch */,
			);
			name = "Supporting Files";
			sourceTree = "<group>";
		};
		4A40108C18891580005C3303 /* DuskTests */ = {
			isa = PBXGroup;
			children = (
				4A40109218891580005C3303 /* DuskTests.m */,
				4A40108D18891580005C3303 /* Supporting Files */,
			);
			path = DuskTests;
			sourceTree = "<group>";
		};
		4A40108D18891580005C3303 /* Supporting Files */ = {
			isa = PBXGroup;
			children = (
				4A40108E18891580005C3303 /* DuskTests-Info.plist */,
				4A40108F18891580005C3303 /* InfoPlist.strings */,
			);
			name = "Supporting Files";
			sourceTree = "<group>";
		};
/* End PBXGroup section */

/* Begin PBXNativeTarget section */
		4A40106318891580005C3303 /* Dusk */ = {
			isa = PBXNativeTarget;
			buildConfigurationList = 4A40109618891580005C3303 /* Build configuration list for PBXNativeTarget "Dusk" */;
			buildPhases = (
				4A40106018891580005C3303 /* Sources */,
				4A40106118891580005C3303 /* Frameworks */,
				4A40106218891580005C3303 /* Resources */,
			);
			buildRules = (
			);
			dependencies = (
			);
			name = Dusk;
			productName = Dusk;
			productReference = 4A40106418891580005C3303 /* Dusk.app */;
			productType = "com.apple.product-type.application";
		};
		4A40108418891580005C3303 /* DuskTests */ = {
			isa = PBXNativeTarget;
			buildConfigurationList = 4A40109918891580005C3303 /* Build configuration list for PBXNativeTarget "DuskTests" */;
			buildPhases = (
				4A40108118891580005C3303 /* Sources */,
				4A40108218891580005C3303 /* Frameworks */,
				4A40108318891580005C3303 /* Resources */,
			);
			buildRules = (
			);
			dependencies = (
				4A40108B18891580005C3303 /* PBXTargetDependency */,
			);
			name = DuskTests;
			productName = DuskTests;
			productReference = 4A40108518891580005C3303 /* DuskTests.xctest */;
			productType = "com.apple.product-type.bundle.unit-test";
		};
/* End PBXNativeTarget section */

/* Begin PBXProject section */
		4A40105C18891580005C3303 /* Project object */ = {
			isa = PBXProject;
			attributes = {
				CLASSPREFIX = DK;
				LastUpgradeCheck = 0500;
				ORGANIZATIONNAME = Pyrus;
				TargetAttributes = {
					4A40108418891580005C3303 = {
						TestTargetID = 4A40106318891580005C3303;
					};
				};
			};
			buildConfigurationList = 4A40105F18891580005C3303 /* Build configuration list for PBXProject "Dusk" */;
			compatibilityVersion = "Xcode 3.2";
			developmentRegion = English;
			hasScannedForEncodings = 0;
			knownRegions = (
				en,
				Base,
			);
			mainGroup = 4A40105B18891580005C3303;
			productRefGroup = 4A40106518891580005C3303 /* Products */;
			projectDirPath = "";
			projectRoot = "";
			targets = (
				4A40106318891580005C3303 /* Dusk */,
				4A40108418891580005C3303 /* DuskTests */,
			);
		};
/* End PBXProject section */

/* Begin PBXResourcesBuildPhase section */
		4A40106218891580005C3303 /* Resources */ = {
			isa = PBXResourcesBuildPhase;
			buildActionMask = 2147483647;
			files = (
				4A40108018891580005C3303 /* Images.xcassets in Resources */,
				4A40107218891580005C3303 /* InfoPlist.strings in Resources */,
				4A40107B18891580005C3303 /* Main.storyboard in Resources */,
			);
			runOnlyForDeploymentPostprocessing = 0;
		};
		4A40108318891580005C3303 /* Resources */ = {
			isa = PBXResourcesBuildPhase;
			buildActionMask = 2147483647;
			files = (
				4A40109118891580005C3303 /* InfoPlist.strings in Resources */,
			);
			runOnlyForDeploymentPostprocessing = 0;
		};
/* End PBXResourcesBuildPhase section */

/* Begin PBXSourcesBuildPhase section */
		4A40106018891580005C3303 /* Sources */ = {
			isa = PBXSourcesBuildPhase;
			buildActionMask = 2147483647;
			files = (
				4A40107418891580005C3303 /* main.m in Sources */,
				4A40107E18891580005C3303 /* DKViewController.m in Sources */,
				4A40107818891580005C3303 /* DKAppDelegate.m in Sources */,
			);
			runOnlyForDeploymentPostprocessing = 0;
		};
		4A40108118891580005C3303 /* Sources */ = {
			isa = PBXSourcesBuildPhase;
			buildActionMask = 2147483647;
			files = (
				4A40109318891580005C3303 /* DuskTests.m in Sources */,
			);
			runOnlyForDeploymentPostprocessing = 0;
		};
/* End PBXSourcesBuildPhase section */

/* Begin PBXTargetDependency section */
		4A40108B18891580005C3303 /* PBXTargetDependency */ = {
			isa = PBXTargetDependency;
			target = 4A40106318891580005C3303 /* Dusk */;
			targetProxy = 4A40108A18891580005C3303 /* PBXContainerItemProxy */;
		};
/* End PBXTargetDependency section */

/* Begin PBXVariantGroup section */
		4A40107018891580005C3303 /* InfoPlist.strings */ = {
			isa = PBXVariantGroup;
			children = (
				4A40107118891580005C3303 /* en */,
			);
			name = InfoPlist.strings;
			sourceTree = "<group>";
		};
		4A40107918891580005C3303 /* Main.storyboard */ = {
			isa = PBXVariantGroup;
			children = (
				4A40107A18891580005C3303 /* Base */,
			);
			name = Main.storyboard;
			sourceTree = "<group>";
		};
		4A40108F18891580005C3303 /* InfoPlist.strings */ = {
			isa = PBXVariantGroup;
			children = (
				4A40109018891580005C3303 /* en */,
			);
			name = InfoPlist.strings;
			sourceTree = "<group>";
		};
/* End PBXVariantGroup section */

/* Begin XCBuildConfiguration section */
		4A40109418891580005C3303 /* Debug */ = {
			isa = XCBuildConfiguration;
			buildSettings = {
				ALWAYS_SEARCH_USER_PATHS = NO;
				ARCHS = "$(ARCHS_STANDARD_INCLUDING_64_BIT)";
				CLANG_CXX_LANGUAGE_STANDARD = "gnu++0x";
				CLANG_CXX_LIBRARY = "libc++";
				CLANG_ENABLE_MODULES = YES;
				CLANG_ENABLE_OBJC_ARC = YES;
				CLANG_WARN_BOOL_CONVERSION = YES;
				CLANG_WARN_CONSTANT_CONVERSION = YES;
				CLANG_WARN_DIRECT_OBJC_ISA_USAGE = YES_ERROR;
				CLANG_WARN_EMPTY_BODY = YES;
				CLANG_WARN_ENUM_CONVERSION = YES;
				CLANG_WARN_INT_CONVERSION = YES;
				CLANG_WARN_OBJC_ROOT_CLASS = YES_ERROR;
				CLANG_WARN__DUPLICATE_METHOD_MATCH = YES;
				"CODE_SIGN_IDENTITY[sdk=iphoneos*]" = "iPhone Developer";
				COPY_PHASE_STRIP = NO;
				GCC_C_LANGUAGE_STANDARD = gnu99;
				GCC_DYNAMIC_NO_PIC = NO;
				GCC_OPTIMIZATION_LEVEL = 0;
				GCC_PREPROCESSOR_DEFINITIONS = (
					"DEBUG=1",
					"$(inherited)",
				);
				GCC_SYMBOLS_PRIVATE_EXTERN = NO;
				GCC_WARN_64_TO_32_BIT_CONVERSION = YES;
				GCC_WARN_ABOUT_RETURN_TYPE = YES_ERROR;
				GCC_WARN_UNDECLARED_SELECTOR = YES;
				GCC_WARN_UNINITIALIZED_AUTOS = YES;
				GCC_WARN_UNUSED_FUNCTION = YES;
				GCC_WARN_UNUSED_VARIABLE = YES;
				IPHONEOS_DEPLOYMENT_TARGET = 7.0;
				ONLY_ACTIVE_ARCH = YES;
				SDKROOT = iphoneos;
			};
			name = Debug;
		};
		4A40109518891580005C3303 /* Release */ = {
			isa = XCBuildConfiguration;
			buildSettings = {
				ALWAYS_SEARCH_USER_PATHS = NO;
				ARCHS = "$(ARCHS_STANDARD_INCLUDING_64_BIT)";
				CLANG_CXX_LANGUAGE_STANDARD = "gnu++0x";
				CLANG_CXX_LIBRARY = "libc++";
				CLANG_ENABLE_MODULES = YES;
				CLANG_ENABLE_OBJC_ARC = YES;
				CLANG_WARN_BOOL_CONVERSION = YES;
				CLANG_WARN_CONSTANT_CONVERSION = YES;
				CLANG_WARN_DIRECT_OBJC_ISA_USAGE = YES_ERROR;
				CLANG_WARN_EMPTY_BODY = YES;
				CLANG_WARN_ENUM_CONVERSION = YES;
				CLANG_WARN_INT_CONVERSION = YES;
				CLANG_WARN_OBJC_ROOT_CLASS = YES_ERROR;
				CLANG_WARN__DUPLICATE_METHOD_MATCH = YES;
				"CODE_SIGN_IDENTITY[sdk=iphoneos*]" = "iPhone Developer";
				COPY_PHASE_STRIP = YES;
				ENABLE_NS_ASSERTIONS = NO;
				GCC_C_LANGUAGE_STANDARD = gnu99;
				GCC_WARN_64_TO_32_BIT_CONVERSION = YES;
				GCC_WARN_ABOUT_RETURN_TYPE = YES_ERROR;
				GCC_WARN_UNDECLARED_SELECTOR = YES;
				GCC_WARN_UNINITIALIZED_AUTOS = YES;
				GCC_WARN_UNUSED_FUNCTION = YES;
				GCC_WARN_UNUSED_VARIABLE = YES;
				IPHONEOS_DEPLOYMENT_TARGET = 7.0;
				SDKROOT = iphoneos;
				VALIDATE_PRODUCT = YES;
			};
			name = Release;
		};
		4A40109718891580005C3303 /* Debug */ = {
			isa = XCBuildConfiguration;
			buildSettings = {
				ASSETCATALOG_COMPILER_APPICON_NAME = AppIcon;
				ASSETCATALOG_COMPILER_LAUNCHIMAGE_NAME = LaunchImage;
				GCC_PRECOMPILE_PREFIX_HEADER = YES;
				GCC_PREFIX_HEADER = "Dusk/Dusk-Prefix.pch";
				INFOPLIST_FILE = "Dusk/Dusk-Info.plist";
				PRODUCT_NAME = "$(TARGET_NAME)";
				WRAPPER_EXTENSION = app;
			};
			name = Debug;
		};
		4A40109818891580005C3303 /* Release */ = {
			isa = XCBuildConfiguration;
			buildSettings = {
				ASSETCATALOG_COMPILER_APPICON_NAME = AppIcon;
				ASSETCATALOG_COMPILER_LAUNCHIMAGE_NAME = LaunchImage;
				GCC_PRECOMPILE_PREFIX_HEADER = YES;
				GCC_PREFIX_HEADER = "Dusk/Dusk-Prefix.pch";
				INFOPLIST_FILE = "Dusk/Dusk-Info.plist";
				PRODUCT_NAME = "$(TARGET_NAME)";
				WRAPPER_EXTENSION = app;
			};
			name = Release;
		};
		4A40109A18891580005C3303 /* Debug */ = {
			isa = XCBuildConfiguration;
			buildSettings = {
				ARCHS = "$(ARCHS_STANDARD_INCLUDING_64_BIT)";
				BUNDLE_LOADER = "$(BUILT_PRODUCTS_DIR)/Dusk.app/Dusk";
				FRAMEWORK_SEARCH_PATHS = (
					"$(SDKROOT)/Developer/Library/Frameworks",
					"$(inherited)",
					"$(DEVELOPER_FRAMEWORKS_DIR)",
				);
				GCC_PRECOMPILE_PREFIX_HEADER = YES;
				GCC_PREFIX_HEADER = "Dusk/Dusk-Prefix.pch";
				GCC_PREPROCESSOR_DEFINITIONS = (
					"DEBUG=1",
					"$(inherited)",
				);
				INFOPLIST_FILE = "DuskTests/DuskTests-Info.plist";
				PRODUCT_NAME = "$(TARGET_NAME)";
				TEST_HOST = "$(BUNDLE_LOADER)";
				WRAPPER_EXTENSION = xctest;
			};
			name = Debug;
		};
		4A40109B18891580005C3303 /* Release */ = {
			isa = XCBuildConfiguration;
			buildSettings = {
				ARCHS = "$(ARCHS_STANDARD_INCLUDING_64_BIT)";
				BUNDLE_LOADER = "$(BUILT_PRODUCTS_DIR)/Dusk.app/Dusk";
				FRAMEWORK_SEARCH_PATHS = (
					"$(SDKROOT)/Developer/Library/Frameworks",
					"$(inherited)",
					"$(DEVELOPER_FRAMEWORKS_DIR)",
				);
				GCC_PRECOMPILE_PREFIX_HEADER = YES;
				GCC_PREFIX_HEADER = "Dusk/Dusk-Prefix.pch";
				INFOPLIST_FILE = "DuskTests/DuskTests-Info.plist";
				PRODUCT_NAME = "$(TARGET_NAME)";
				TEST_HOST = "$(BUNDLE_LOADER)";
				WRAPPER_EXTENSION = xctest;
			};
			name = Release;
		};
/* End XCBuildConfiguration section */

/* Begin XCConfigurationList section */
		4A40105F18891580005C3303 /* Build configuration list for PBXProject "Dusk" */ = {
			isa = XCConfigurationList;
			buildConfigurations = (
				4A40109418891580005C3303 /* Debug */,
				4A40109518891580005C3303 /* Release */,
			);
			defaultConfigurationIsVisible = 0;
			defaultConfigurationName = Release;
		};
		4A40109618891580005C3303 /* Build configuration list for PBXNativeTarget "Dusk" */ = {
			isa = XCConfigurationList;
			buildConfigurations = (
				4A40109718891580005C3303 /* Debug */,
				4A40109818891580005C3303 /* Release */,
			);
			defaultConfigurationIsVisible = 0;
		};
		4A40109918891580005C3303 /* Build configuration list for PBXNativeTarget "DuskTests" */ = {
			isa = XCConfigurationList;
			buildConfigurations = (
				4A40109A18891580005C3303 /* Debug */,
				4A40109B18891580005C3303 /* Release */,
			);
			defaultConfigurationIsVisible = 0;
		};
/* End XCConfigurationList section */
	};
	rootObject = 4A40105C18891580005C3303 /* Project object */;
}
